lockfileVersion: '9.0'

settings:
  autoInstallPeers: true
  excludeLinksFromLockfile: false

importers:

  cli:
    devDependencies:
      '@types/node':
        specifier: 25.5.0
        version: 25.5.0
    optionalDependencies:
      '@wx-lang/cli-darwin-arm64':
        specifier: workspace:*
        version: link:npm/darwin-arm64
      '@wx-lang/cli-darwin-x64':
        specifier: workspace:*
        version: link:npm/darwin-x64
      '@wx-lang/cli-linux-x64':
        specifier: workspace:*
        version: link:npm/linux-x64
      '@wx-lang/cli-win32-x64':
        specifier: workspace:*
        version: link:npm/win32-x64

  cli/npm/darwin-arm64: {}

  cli/npm/darwin-x64: {}

  cli/npm/linux-x64: {}

  cli/npm/win32-x64: {}

  vscode:
    dependencies:
      ansi-sequence-parser:
        specifier: ^1.1.3
        version: 1.1.3
      vscode-languageclient:
        specifier: 10.0.1
        version: 10.0.1
    devDependencies:
      '@types/node':
        specifier: ^26.1.0
        version: 26.1.0
      '@types/vscode':
        specifier: ^1.125.0
        version: 1.125.0
      typescript:
        specifier: ^6.0.3
        version: 6.0.3

packages:

  '@types/node@25.5.0':
    resolution: {integrity: sha512-jp2P3tQMSxWugkCUKLRPVUpGaL5MVFwF8RDuSRztfwgN1wmqJeMSbKlnEtQqU8UrhTmzEmZdu2I6v2dpp7XIxw==}

  '@types/node@26.1.0':
    resolution: {integrity: sha512-O0A1G3xPGy4w7AgQdAQYUlQ+BKk2Oovw8eRpofyp5KdBZULnbe+WqaOVNrm705SHphCiG4XHsACrSmPu1f+Kgw==}

  '@types/vscode@1.125.0':
    resolution: {integrity: sha512-0icm/ZQAaism87P0ekHqi4/Ju9du+Tm0RUW+y7vqRsxY2cY0FNRX1nAnaW7nT6npPt2tfHiheZ55Zm9UhqonFA==}

  ansi-sequence-parser@1.1.3:
    resolution: {integrity: sha512-+fksAx9eG3Ab6LDnLs3ZqZa8KVJ/jYnX+D4Qe1azX+LFGFAXqynCQLOdLpNYN/l9e7l6hMWwZbrnctqr6eSQSw==}

  balanced-match@4.0.4:
    resolution: {integrity: sha512-BLrgEcRTwX2o6gGxGOCNyMvGSp35YofuYzw9h1IMTRmKqttAZZVU67bdb9Pr2vUHA8+j3i2tJfjO6C6+4myGTA==}
    engines: {node: 18 || 20 || >=22}

  brace-expansion@5.0.7:
    resolution: {integrity: sha512-7oFy703dxfY3/NLxC1fh2SUCQ0H9rmAY+5EpDVfXjUTTs+HEwR2nYaqLv+GWcTsumwxPfiz6CzCNkwXwBUwqCA==}
    engines: {node: 18 || 20 || >=22}

  minimatch@10.2.5:
    resolution: {integrity: sha512-MULkVLfKGYDFYejP07QOurDLLQpcjk7Fw+7jXS2R2czRQzR56yHRveU5NDJEOviH+hETZKSkIk5c+T23GjFUMg==}
    engines: {node: 18 || 20 || >=22}

  semver@7.8.5:
    resolution: {integrity: sha512-Y7/KDsb8LjooZpwaqGyulO6DQlksgCncchHGk+sZIY4SBvUocMBEFH5Ur1fI4dV+Jvl0w6cjvucaIi40puRioA==}
    engines: {node: '>=10'}
    hasBin: true

  typescript@6.0.3:
    resolution: {integrity: sha512-y2TvuxSZPDyQakkFRPZHKFm+KKVqIisdg9/CZwm9ftvKXLP8NRWj38/ODjNbr43SsoXqNuAisEf1GdCxqWcdBw==}
    engines: {node: '>=14.17'}
    hasBin: true

  undici-types@7.18.2:
    resolution: {integrity: sha512-AsuCzffGHJybSaRrmr5eHr81mwJU3kjw6M+uprWvCXiNeN9SOGwQ3Jn8jb8m3Z6izVgknn1R0FTCEAP2QrLY/w==}

  undici-types@8.3.0:
    resolution: {integrity: sha512-j375ScV60dom+YkPFIfTLcOiPxkN/buHz5GobjLhixFuANaNs3C9l4GmrWqejgXWJ7BbJcFYpTEUkS1Ge8bpZQ==}

  vscode-jsonrpc@9.0.0:
    resolution: {integrity: sha512-+VvMmQPJhtvJ+8O+zu2JKIRiLxXF8NW7krWgyMGeOHrp4Cn23T5hc0v2LknNeopDOB70wghHAds7mKtcZ0I4Sg==}
    engines: {node: '>=14.0.0'}

  vscode-languageclient@10.0.1:
    resolution: {integrity: sha512-kXitJTQVKfv69/TY0LnQdsSMaqzRaeoJMMic+B6ad7HLtFPO46MLxpNjnFh1KF1nOhZUoLX+6e+JoIl+Jp3ycQ==}
    engines: {vscode: ^1.91.0}

  vscode-languageserver-protocol@3.18.1:
    resolution: {integrity: sha512-RTiiVHdpxpYcJVI5sq6S5TLjQ4WDR/rBrIWru+kPXe6sGQ9PFQ3GamrTKLvPqbR4ylr1SoodhmcqbFII0WXVuw==}

  vscode-languageserver-textdocument@1.0.13:
    resolution: {integrity: sha512-nx0ZHwMGIsVkzFG3/VLeJYBLTaFBRuNdGDvevvjuoayU5EOS2fEYazOhtCM3PI9ClMMg5igc0uwXtAq4tJj+Dw==}

  vscode-languageserver-types@3.18.0:
    resolution: {integrity: sha512-8TsGPNMIMiiBdkORgRSvLjuiEIiAFtO+KssmYWxQ+uSVvlf7RjK8YKCOjPzZ+YA04jXEV7+7LvkSmHkhpNS99g==}

snapshots:

  '@types/node@25.5.0':
    dependencies:
      undici-types: 7.18.2

  '@types/node@26.1.0':
    dependencies:
      undici-types: 8.3.0

  '@types/vscode@1.125.0': {}

  ansi-sequence-parser@1.1.3: {}

  balanced-match@4.0.4: {}

  brace-expansion@5.0.7:
    dependencies:
      balanced-match: 4.0.4

  minimatch@10.2.5:
    dependencies:
      brace-expansion: 5.0.7

  semver@7.8.5: {}

  typescript@6.0.3: {}

  undici-types@7.18.2: {}

  undici-types@8.3.0: {}

  vscode-jsonrpc@9.0.0: {}

  vscode-languageclient@10.0.1:
    dependencies:
      minimatch: 10.2.5
      semver: 7.8.5
      vscode-languageserver-protocol: 3.18.1
      vscode-languageserver-textdocument: 1.0.13

  vscode-languageserver-protocol@3.18.1:
    dependencies:
      vscode-jsonrpc: 9.0.0
      vscode-languageserver-types: 3.18.0

  vscode-languageserver-textdocument@1.0.13: {}

  vscode-languageserver-types@3.18.0: {}
